// !$*UTF8*$!
{
	archiveVersion = 1;
	classes = {
	};
	objectVersion = 46;
	objects = {

/* Begin PBXBuildFile section */
		1BC46F3B1C4D87F200403A95 /* main.m in Sources */ = {isa = PBXBuildFile; fileRef = 1BC46F3A1C4D87F200403A95 /* main.m */; };
		1BC46F3E1C4D87F200403A95 /* AppDelegate.m in Sources */ = {isa = PBXBuildFile; fileRef = 1BC46F3D1C4D87F200403A95 /* AppDelegate.m */; };
		1BC46F411C4D87F200403A95 /* ViewController.m in Sources */ = {isa = PBXBuildFile; fileRef = 1BC46F401C4D87F200403A95 /* ViewController.m */; };
		1BC46F441C4D87F200403A95 /* Main.storyboard in Resources */ = {isa = PBXBuildFile; fileRef = 1BC46F421C4D87F200403A95 /* Main.storyboard */; };
		1BC46F461C4D87F200403A95 /* Assets.xcassets in Resources */ = {isa = PBXBuildFile; fileRef = 1BC46F451C4D87F200403A95 /* Assets.xcassets */; };
		1BC46F491C4D87F200403A95 /* LaunchScreen.storyboard in Resources */ = {isa = PBXBuildFile; fileRef = 1BC46F471C4D87F200403A95 /* LaunchScreen.storyboard */; };
		1BC46F521C4D881300403A95 /* ExampleNibView.m in Sources */ = {isa = PBXBuildFile; fileRef = 1BC46F511C4D881300403A95 /* ExampleNibView.m */; };
		1BC46F551C4D891C00403A95 /* ExampleNibView.xib in Resources */ = {isa = PBXBuildFile; fileRef = 1BC46F541C4D891C00403A95 /* ExampleNibView.xib */; };
/* End PBXBuildFile section */

/* Begin PBXFileReference section */
		1BC46F361C4D87F200403A95 /* StoryboardLoadingNib.app */ = {isa = PBXFileReference; explicitFileType = wrapper.application; includeInIndex = 0; path = StoryboardLoadingNib.app; sourceTree = BUILT_PRODUCTS_DIR; };
		1BC46F3A1C4D87F200403A95 /* main.m */ = {isa = PBXFileReference; lastKnownFileType = sourcecode.c.objc; path = main.m; sourceTree = "<group>"; };
		1BC46F3C1C4D87F200403A95 /* AppDelegate.h */ = {isa = PBXFileReference; lastKnownFileType = sourcecode.c.h; path = AppDelegate.h; sourceTree = "<group>"; };
		1BC46F3D1C4D87F200403A95 /* AppDelegate.m */ = {isa = PBXFileReference; lastKnownFileType = sourcecode.c.objc; path = AppDelegate.m; sourceTree = "<group>"; };
		1BC46F3F1C4D87F200403A95 /* ViewController.h */ = {isa = PBXFileReference; lastKnownFileType = sourcecode.c.h; path = ViewController.h; sourceTree = "<group>"; };
		1BC46F401C4D87F200403A95 /* ViewController.m */ = {isa = PBXFileReference; lastKnownFileType = sourcecode.c.objc; path = ViewController.m; sourceTree = "<group>"; };
		1BC46F431C4D87F200403A95 /* Base */ = {isa = PBXFileReference; lastKnownFileType = file.storyboard; name = Base; path = Base.lproj/Main.storyboard; sourceTree = "<group>"; };
		1BC46F451C4D87F200403A95 /* Assets.xcassets */ = {isa = PBXFileReference; lastKnownFileType = folder.assetcatalog; path = Assets.xcassets; sourceTree = "<group>"; };
		1BC46F481C4D87F200403A95 /* Base */ = {isa = PBXFileReference; lastKnownFileType = file.storyboard; name = Base; path = Base.lproj/LaunchScreen.storyboard; sourceTree = "<group>"; };
		1BC46F4A1C4D87F200403A95 /* Info.plist */ = {isa = PBXFileReference; lastKnownFileType = text.plist.xml; path = Info.plist; sourceTree = "<group>"; };
		1BC46F501C4D881300403A95 /* ExampleNibView.h */ = {isa = PBXFileReference; fileEncoding = 4; lastKnownFileType = sourcecode.c.h; name = ExampleNibView.h; path = View/ExampleNibView.h; sourceTree = "<group>"; };
		1BC46F511C4D881300403A95 /* ExampleNibView.m */ = {isa = PBXFileReference; fileEncoding = 4; lastKnownFileType = sourcecode.c.objc; name = ExampleNibView.m; path = View/ExampleNibView.m; sourceTree = "<group>"; };
		1BC46F541C4D891C00403A95 /* ExampleNibView.xib */ = {isa = PBXFileReference; fileEncoding = 4; lastKnownFileType = file.xib; name = ExampleNibView.xib; path = View/ExampleNibView.xib; sourceTree = "<group>"; };
/* End PBXFileReference section */

/* Begin PBXFrameworksBuildPhase section */
		1BC46F331C4D87F200403A95 /* Frameworks */ = {
			isa = PBXFrameworksBuildPhase;
			buildActionMask = 2147483647;
			files = (
			);
			runOnlyForDeploymentPostprocessing = 0;
		};
/* End PBXFrameworksBuildPhase section */

/* Begin PBXGroup section */
		1BC46F2D1C4D87F200403A95 = {
			isa = PBXGroup;
			children = (
				1BC46F381C4D87F200403A95 /* StoryboardLoadingNib */,
				1BC46F371C4D87F200403A95 /* Products */,
			);
			sourceTree = "<group>";
		};
		1BC46F371C4D87F200403A95 /* Products */ = {
			isa = PBXGroup;
			children = (
				1BC46F361C4D87F200403A95 /* StoryboardLoadingNib.app */,
			);
			name = Products;
			sourceTree = "<group>";
		};
		1BC46F381C4D87F200403A95 /* StoryboardLoadingNib */ = {
			isa = PBXGroup;
			children = (
				1BC46F3C1C4D87F200403A95 /* AppDelegate.h */,
				1BC46F3D1C4D87F200403A95 /* AppDelegate.m */,
				1BC46F3F1C4D87F200403A95 /* ViewController.h */,
				1BC46F401C4D87F200403A95 /* ViewController.m */,
				1BC46F531C4D881A00403A95 /* View */,
				1BC46F421C4D87F200403A95 /* Main.storyboard */,
				1BC46F451C4D87F200403A95 /* Assets.xcassets */,
				1BC46F471C4D87F200403A95 /* LaunchScreen.storyboard */,
				1BC46F4A1C4D87F200403A95 /* Info.plist */,
				1BC46F391C4D87F200403A95 /* Supporting Files */,
			);
			path = StoryboardLoadingNib;
			sourceTree = "<group>";
		};
		1BC46F391C4D87F200403A95 /* Supporting Files */ = {
			isa = PBXGroup;
			children = (
				1BC46F3A1C4D87F200403A95 /* main.m */,
			);
			name = "Supporting Files";
			sourceTree = "<group>";
		};
		1BC46F531C4D881A00403A95 /* View */ = {
			isa = PBXGroup;
			children = (
				1BC46F501C4D881300403A95 /* ExampleNibView.h */,
				1BC46F511C4D881300403A95 /* ExampleNibView.m */,
				1BC46F541C4D891C00403A95 /* ExampleNibView.xib */,
			);
			name = View;
			sourceTree = "<group>";
		};
/* End PBXGroup section */

/* Begin PBXNativeTarget section */
		1BC46F351C4D87F200403A95 /* StoryboardLoadingNib */ = {
			isa = PBXNativeTarget;
			buildConfigurationList = 1BC46F4D1C4D87F200403A95 /* Build configuration list for PBXNativeTarget "StoryboardLoadingNib" */;
			buildPhases = (
				1BC46F321C4D87F200403A95 /* Sources */,
				1BC46F331C4D87F200403A95 /* Frameworks */,
				1BC46F341C4D87F200403A95 /* Resources */,
			);
			buildRules = (
			);
			dependencies = (
			);
			name = StoryboardLoadingNib;
			productName = StoryboardLoadingNib;
			productReference = 1BC46F361C4D87F200403A95 /* StoryboardLoadingNib.app */;
			productType = "com.apple.product-type.application";
		};
/* End PBXNativeTarget section */

/* Begin PBXProject section */
		1BC46F2E1C4D87F200403A95 /* Project object */ = {
			isa = PBXProject;
			attributes = {
				LastUpgradeCheck = 0720;
				ORGANIZATIONNAME = "Dan Zinngrabe";
				TargetAttributes = {
					1BC46F351C4D87F200403A95 = {
						CreatedOnToolsVersion = 7.2;
					};
				};
			};
			buildConfigurationList = 1BC46F311C4D87F200403A95 /* Build configuration list for PBXProject "StoryboardLoadingNib" */;
			compatibilityVersion = "Xcode 3.2";
			developmentRegion = English;
			hasScannedForEncodings = 0;
			knownRegions = (
				en,
				Base,
			);
			mainGroup = 1BC46F2D1C4D87F200403A95;
			productRefGroup = 1BC46F371C4D87F200403A95 /* Products */;
			projectDirPath = "";
			projectRoot = "";
			targets = (
				1BC46F351C4D87F200403A95 /* StoryboardLoadingNib */,
			);
		};
/* End PBXProject section */

/* Begin PBXResourcesBuildPhase section */
		1BC46F341C4D87F200403A95 /* Resources */ = {
			isa = PBXResourcesBuildPhase;
			buildActionMask = 2147483647;
			files = (
				1BC46F491C4D87F200403A95 /* LaunchScreen.storyboard in Resources */,
				1BC46F461C4D87F200403A95 /* Assets.xcassets in Resources */,
				1BC46F441C4D87F200403A95 /* Main.storyboard in Resources */,
				1BC46F551C4D891C00403A95 /* ExampleNibView.xib in Resources */,
			);
			runOnlyForDeploymentPostprocessing = 0;
		};
/* End PBXResourcesBuildPhase section */

/* Begin PBXSourcesBuildPhase section */
		1BC46F321C4D87F200403A95 /* Sources */ = {
			isa = PBXSourcesBuildPhase;
			buildActionMask = 2147483647;
			files = (
				1BC46F411C4D87F200403A95 /* ViewController.m in Sources */,
				1BC46F3E1C4D87F200403A95 /* AppDelegate.m in Sources */,
				1BC46F3B1C4D87F200403A95 /* main.m in Sources */,
				1BC46F521C4D881300403A95 /* ExampleNibView.m in Sources */,
			);
			runOnlyForDeploymentPostprocessing = 0;
		};
/* End PBXSourcesBuildPhase section */

/* Begin PBXVariantGroup section */
		1BC46F421C4D87F200403A95 /* Main.storyboard */ = {
			isa = PBXVariantGroup;
			children = (
				1BC46F431C4D87F200403A95 /* Base */,
			);
			name = Main.storyboard;
			sourceTree = "<group>";
		};
		1BC46F471C4D87F200403A95 /* LaunchScreen.storyboard */ = {
			isa = PBXVariantGroup;
			children = (
				1BC46F481C4D87F200403A95 /* Base */,
			);
			name = LaunchScreen.storyboard;
			sourceTree = "<group>";
		};
/* End PBXVariantGroup section */

/* Begin XCBuildConfiguration section */
		1BC46F4B1C4D87F200403A95 /* Debug */ = {
			isa = XCBuildConfiguration;
			buildSettings = {
				ALWAYS_SEARCH_USER_PATHS = NO;
				CLANG_CXX_LANGUAGE_STANDARD = "gnu++0x";
				CLANG_CXX_LIBRARY = "libc++";
				CLANG_ENABLE_MODULES = YES;
				CLANG_ENABLE_OBJC_ARC = YES;
				CLANG_WARN_BOOL_CONVERSION = YES;
				CLANG_WARN_CONSTANT_CONVERSION = YES;
				CLANG_WARN_DIRECT_OBJC_ISA_USAGE = YES_ERROR;
				CLANG_WARN_EMPTY_BODY = YES;
				CLANG_WARN_ENUM_CONVERSION = YES;
				CLANG_WARN_INT_CONVERSION = YES;
				CLANG_WARN_OBJC_ROOT_CLASS = YES_ERROR;
				CLANG_WARN_UNREACHABLE_CODE = YES;
				CLANG_WARN__DUPLICATE_METHOD_MATCH = YES;
				"CODE_SIGN_IDENTITY[sdk=iphoneos*]" = "iPhone Developer";
				COPY_PHASE_STRIP = NO;
				DEBUG_INFORMATION_FORMAT = dwarf;
				ENABLE_STRICT_OBJC_MSGSEND = YES;
				ENABLE_TESTABILITY = YES;
				GCC_C_LANGUAGE_STANDARD = gnu99;
				GCC_DYNAMIC_NO_PIC = NO;
				GCC_NO_COMMON_BLOCKS = YES;
				GCC_OPTIMIZATION_LEVEL = 0;
				GCC_PREPROCESSOR_DEFINITIONS = (
					"DEBUG=1",
					"$(inherited)",
				);
				GCC_WARN_64_TO_32_BIT_CONVERSION = YES;
				GCC_WARN_ABOUT_RETURN_TYPE = YES_ERROR;
				GCC_WARN_UNDECLARED_SELECTOR = YES;
				GCC_WARN_UNINITIALIZED_AUTOS = YES_AGGRESSIVE;
				GCC_WARN_UNUSED_FUNCTION = YES;
				GCC_WARN_UNUSED_VARIABLE = YES;
				IPHONEOS_DEPLOYMENT_TARGET = 9.2;
				MTL_ENABLE_DEBUG_INFO = YES;
				ONLY_ACTIVE_ARCH = YES;
				SDKROOT = iphoneos;
				TARGETED_DEVICE_FAMILY = "1,2";
			};
			name = Debug;
		};
		1BC46F4C1C4D87F200403A95 /* Release */ = {
			isa = XCBuildConfiguration;
			buildSettings = {
				ALWAYS_SEARCH_USER_PATHS = NO;
				CLANG_CXX_LANGUAGE_STANDARD = "gnu++0x";
				CLANG_CXX_LIBRARY = "libc++";
				CLANG_ENABLE_MODULES = YES;
				CLANG_ENABLE_OBJC_ARC = YES;
				CLANG_WARN_BOOL_CONVERSION = YES;
				CLANG_WARN_CONSTANT_CONVERSION = YES;
				CLANG_WARN_DIRECT_OBJC_ISA_USAGE = YES_ERROR;
				CLANG_WARN_EMPTY_BODY = YES;
				CLANG_WARN_ENUM_CONVERSION = YES;
				CLANG_WARN_INT_CONVERSION = YES;
				CLANG_WARN_OBJC_ROOT_CLASS = YES_ERROR;
				CLANG_WARN_UNREACHABLE_CODE = YES;
				CLANG_WARN__DUPLICATE_METHOD_MATCH = YES;
				"CODE_SIGN_IDENTITY[sdk=iphoneos*]" = "iPhone Developer";
				COPY_PHASE_STRIP = NO;
				DEBUG_INFORMATION_FORMAT = "dwarf-with-dsym";
				ENABLE_NS_ASSERTIONS = NO;
				ENABLE_STRICT_OBJC_MSGSEND = YES;
				GCC_C_LANGUAGE_STANDARD = gnu99;
				GCC_NO_COMMON_BLOCKS = YES;
				GCC_WARN_64_TO_32_BIT_CONVERSION = YES;
				GCC_WARN_ABOUT_RETURN_TYPE = YES_ERROR;
				GCC_WARN_UNDECLARED_SELECTOR = YES;
				GCC_WARN_UNINITIALIZED_AUTOS = YES_AGGRESSIVE;
				GCC_WARN_UNUSED_FUNCTION = YES;
				GCC_WARN_UNUSED_VARIABLE = YES;
				IPHONEOS_DEPLOYMENT_TARGET = 9.2;
				MTL_ENABLE_DEBUG_INFO = NO;
				SDKROOT = iphoneos;
				TARGETED_DEVICE_FAMILY = "1,2";
				VALIDATE_PRODUCT = YES;
			};
			name = Release;
		};
		1BC46F4E1C4D87F200403A95 /* Debug */ = {
			isa = XCBuildConfiguration;
			buildSettings = {
				ASSETCATALOG_COMPILER_APPICON_NAME = AppIcon;
				INFOPLIST_FILE = StoryboardLoadingNib/Info.plist;
				LD_RUNPATH_SEARCH_PATHS = "$(inherited) @executable_path/Frameworks";
				PRODUCT_BUNDLE_IDENTIFIER = org.quellish.StoryboardLoadingNib;
				PRODUCT_NAME = "$(TARGET_NAME)";
			};
			name = Debug;
		};
		1BC46F4F1C4D87F200403A95 /* Release */ = {
			isa = XCBuildConfiguration;
			buildSettings = {
				ASSETCATALOG_COMPILER_APPICON_NAME = AppIcon;
				INFOPLIST_FILE = StoryboardLoadingNib/Info.plist;
				LD_RUNPATH_SEARCH_PATHS = "$(inherited) @executable_path/Frameworks";
				PRODUCT_BUNDLE_IDENTIFIER = org.quellish.StoryboardLoadingNib;
				PRODUCT_NAME = "$(TARGET_NAME)";
			};
			name = Release;
		};
/* End XCBuildConfiguration section */

/* Begin XCConfigurationList section */
		1BC46F311C4D87F200403A95 /* Build configuration list for PBXProject "StoryboardLoadingNib" */ = {
			isa = XCConfigurationList;
			buildConfigurations = (
				1BC46F4B1C4D87F200403A95 /* Debug */,
				1BC46F4C1C4D87F200403A95 /* Release */,
			);
			defaultConfigurationIsVisible = 0;
			defaultConfigurationName = Release;
		};
		1BC46F4D1C4D87F200403A95 /* Build configuration list for PBXNativeTarget "StoryboardLoadingNib" */ = {
			isa = XCConfigurationList;
			buildConfigurations = (
				1BC46F4E1C4D87F200403A95 /* Debug */,
				1BC46F4F1C4D87F200403A95 /* Release */,
			);
			defaultConfigurationIsVisible = 0;
		};
/* End XCConfigurationList section */
	};
	rootObject = 1BC46F2E1C4D87F200403A95 /* Project object */;
}
